// !$*UTF8*$!
{
	archiveVersion = 1;
	classes = {
	};
	objectVersion = 46;
	objects = {

/* Begin PBXBuildFile section */
		431C1EC0194CE2CA008A9186 /* libSinteliCripto.a in Frameworks */ = {isa = PBXBuildFile; fileRef = 431C1EBB194CE09D008A9186 /* libSinteliCripto.a */; };
		43925DC71947D499009A54A8 /* Foundation.framework in Frameworks */ = {isa = PBXBuildFile; fileRef = 43925DC61947D499009A54A8 /* Foundation.framework */; };
		43925DC91947D499009A54A8 /* CoreGraphics.framework in Frameworks */ = {isa = PBXBuildFile; fileRef = 43925DC81947D499009A54A8 /* CoreGraphics.framework */; };
		43925DCB1947D499009A54A8 /* UIKit.framework in Frameworks */ = {isa = PBXBuildFile; fileRef = 43925DCA1947D499009A54A8 /* UIKit.framework */; };
		43925DD11947D49B009A54A8 /* InfoPlist.strings in Resources */ = {isa = PBXBuildFile; fileRef = 43925DCF1947D49B009A54A8 /* InfoPlist.strings */; };
		43925DD31947D49B009A54A8 /* main.m in Sources */ = {isa = PBXBuildFile; fileRef = 43925DD21947D49B009A54A8 /* main.m */; };
		43925DD71947D49B009A54A8 /* AppDelegate.m in Sources */ = {isa = PBXBuildFile; fileRef = 43925DD61947D49B009A54A8 /* AppDelegate.m */; };
		43925DDA1947D49B009A54A8 /* Main.storyboard in Resources */ = {isa = PBXBuildFile; fileRef = 43925DD81947D49B009A54A8 /* Main.storyboard */; };
		43925DDD1947D49B009A54A8 /* ViewController.m in Sources */ = {isa = PBXBuildFile; fileRef = 43925DDC1947D49B009A54A8 /* ViewController.m */; };
		43925DDF1947D49B009A54A8 /* Images.xcassets in Resources */ = {isa = PBXBuildFile; fileRef = 43925DDE1947D49B009A54A8 /* Images.xcassets */; };
		43925DE61947D49B009A54A8 /* XCTest.framework in Frameworks */ = {isa = PBXBuildFile; fileRef = 43925DE51947D49B009A54A8 /* XCTest.framework */; };
		43925DE71947D49B009A54A8 /* Foundation.framework in Frameworks */ = {isa = PBXBuildFile; fileRef = 43925DC61947D499009A54A8 /* Foundation.framework */; };
		43925DE81947D49C009A54A8 /* UIKit.framework in Frameworks */ = {isa = PBXBuildFile; fileRef = 43925DCA1947D499009A54A8 /* UIKit.framework */; };
		43925DF01947D49C009A54A8 /* InfoPlist.strings in Resources */ = {isa = PBXBuildFile; fileRef = 43925DEE1947D49C009A54A8 /* InfoPlist.strings */; };
		43925DF21947D49C009A54A8 /* SinteliTests.m in Sources */ = {isa = PBXBuildFile; fileRef = 43925DF11947D49C009A54A8 /* SinteliTests.m */; };
/* End PBXBuildFile section */

/* Begin PBXContainerItemProxy section */
		431C1EBA194CE09D008A9186 /* PBXContainerItemProxy */ = {
			isa = PBXContainerItemProxy;
			containerPortal = 431C1EB5194CE09D008A9186 /* SinteliCripto.xcodeproj */;
			proxyType = 2;
			remoteGlobalIDString = 43925E041947D50F009A54A8;
			remoteInfo = SinteliCripto;
		};
		431C1EBC194CE09D008A9186 /* PBXContainerItemProxy */ = {
			isa = PBXContainerItemProxy;
			containerPortal = 431C1EB5194CE09D008A9186 /* SinteliCripto.xcodeproj */;
			proxyType = 2;
			remoteGlobalIDString = 43925E141947D50F009A54A8;
			remoteInfo = SinteliCriptoTests;
		};
		431C1EBE194CE2B8008A9186 /* PBXContainerItemProxy */ = {
			isa = PBXContainerItemProxy;
			containerPortal = 431C1EB5194CE09D008A9186 /* SinteliCripto.xcodeproj */;
			proxyType = 1;
			remoteGlobalIDString = 43925E031947D50F009A54A8;
			remoteInfo = SinteliCripto;
		};
		43925DE91947D49C009A54A8 /* PBXContainerItemProxy */ = {
			isa = PBXContainerItemProxy;
			containerPortal = 43925DBB1947D499009A54A8 /* Project object */;
			proxyType = 1;
			remoteGlobalIDString = 43925DC21947D499009A54A8;
			remoteInfo = Sinteli;
		};
/* End PBXContainerItemProxy section */

/* Begin PBXFileReference section */
		431C1EB5194CE09D008A9186 /* SinteliCripto.xcodeproj */ = {isa = PBXFileReference; lastKnownFileType = "wrapper.pb-project"; name = SinteliCripto.xcodeproj; path = ../SinteliCripto/SinteliCripto.xcodeproj; sourceTree = "<group>"; };
		43925DC31947D499009A54A8 /* Sinteli.app */ = {isa = PBXFileReference; explicitFileType = wrapper.application; includeInIndex = 0; path = Sinteli.app; sourceTree = BUILT_PRODUCTS_DIR; };
		43925DC61947D499009A54A8 /* Foundation.framework */ = {isa = PBXFileReference; lastKnownFileType = wrapper.framework; name = Foundation.framework; path = System/Library/Frameworks/Foundation.framework; sourceTree = SDKROOT; };
		43925DC81947D499009A54A8 /* CoreGraphics.framework */ = {isa = PBXFileReference; lastKnownFileType = wrapper.framework; name = CoreGraphics.framework; path = System/Library/Frameworks/CoreGraphics.framework; sourceTree = SDKROOT; };
		43925DCA1947D499009A54A8 /* UIKit.framework */ = {isa = PBXFileReference; lastKnownFileType = wrapper.framework; name = UIKit.framework; path = System/Library/Frameworks/UIKit.framework; sourceTree = SDKROOT; };
		43925DCE1947D49B009A54A8 /* Sinteli-Info.plist */ = {isa = PBXFileReference; lastKnownFileType = text.plist.xml; path = "Sinteli-Info.plist"; sourceTree = "<group>"; };
		43925DD01947D49B009A54A8 /* en */ = {isa = PBXFileReference; lastKnownFileType = text.plist.strings; name = en; path = en.lproj/InfoPlist.strings; sourceTree = "<group>"; };
		43925DD21947D49B009A54A8 /* main.m */ = {isa = PBXFileReference; lastKnownFileType = sourcecode.c.objc; path = main.m; sourceTree = "<group>"; };
		43925DD41947D49B009A54A8 /* Sinteli-Prefix.pch */ = {isa = PBXFileReference; lastKnownFileType = sourcecode.c.h; path = "Sinteli-Prefix.pch"; sourceTree = "<group>"; };
		43925DD51947D49B009A54A8 /* AppDelegate.h */ = {isa = PBXFileReference; lastKnownFileType = sourcecode.c.h; path = AppDelegate.h; sourceTree = "<group>"; };
		43925DD61947D49B009A54A8 /* AppDelegate.m */ = {isa = PBXFileReference; lastKnownFileType = sourcecode.c.objc; path = AppDelegate.m; sourceTree = "<group>"; };
		43925DD91947D49B009A54A8 /* Base */ = {isa = PBXFileReference; lastKnownFileType = file.storyboard; name = Base; path = Base.lproj/Main.storyboard; sourceTree = "<group>"; };
		43925DDB1947D49B009A54A8 /* ViewController.h */ = {isa = PBXFileReference; lastKnownFileType = sourcecode.c.h; path = ViewController.h; sourceTree = "<group>"; };
		43925DDC1947D49B009A54A8 /* ViewController.m */ = {isa = PBXFileReference; lastKnownFileType = sourcecode.c.objc; path = ViewController.m; sourceTree = "<group>"; };
		43925DDE1947D49B009A54A8 /* Images.xcassets */ = {isa = PBXFileReference; lastKnownFileType = folder.assetcatalog; path = Images.xcassets; sourceTree = "<group>"; };
		43925DE41947D49B009A54A8 /* SinteliTests.xctest */ = {isa = PBXFileReference; explicitFileType = wrapper.cfbundle; includeInIndex = 0; path = SinteliTests.xctest; sourceTree = BUILT_PRODUCTS_DIR; };
		43925DE51947D49B009A54A8 /* XCTest.framework */ = {isa = PBXFileReference; lastKnownFileType = wrapper.framework; name = XCTest.framework; path = Library/Frameworks/XCTest.framework; sourceTree = DEVELOPER_DIR; };
		43925DED1947D49C009A54A8 /* SinteliTests-Info.plist */ = {isa = PBXFileReference; lastKnownFileType = text.plist.xml; path = "SinteliTests-Info.plist"; sourceTree = "<group>"; };
		43925DEF1947D49C009A54A8 /* en */ = {isa = PBXFileReference; lastKnownFileType = text.plist.strings; name = en; path = en.lproj/InfoPlist.strings; sourceTree = "<group>"; };
		43925DF11947D49C009A54A8 /* SinteliTests.m */ = {isa = PBXFileReference; lastKnownFileType = sourcecode.c.objc; path = SinteliTests.m; sourceTree = "<group>"; };
		43F0B5AE194C233F007329F9 /* pt-BR */ = {isa = PBXFileReference; lastKnownFileType = text.plist.strings; name = "pt-BR"; path = "pt-BR.lproj/Main.strings"; sourceTree = "<group>"; };
		43F0B5AF194C233F007329F9 /* pt-BR */ = {isa = PBXFileReference; lastKnownFileType = text.plist.strings; name = "pt-BR"; path = "pt-BR.lproj/InfoPlist.strings"; sourceTree = "<group>"; };
		43F0B5B0194C233F007329F9 /* pt-BR */ = {isa = PBXFileReference; lastKnownFileType = text.plist.strings; name = "pt-BR"; path = "pt-BR.lproj/InfoPlist.strings"; sourceTree = "<group>"; };
/* End PBXFileReference section */

/* Begin PBXFrameworksBuildPhase section */
		43925DC01947D499009A54A8 /* Frameworks */ = {
			isa = PBXFrameworksBuildPhase;
			buildActionMask = 2147483647;
			files = (
				431C1EC0194CE2CA008A9186 /* libSinteliCripto.a in Frameworks */,
				43925DC91947D499009A54A8 /* CoreGraphics.framework in Frameworks */,
				43925DCB1947D499009A54A8 /* UIKit.framework in Frameworks */,
				43925DC71947D499009A54A8 /* Foundation.framework in Frameworks */,
			);
			runOnlyForDeploymentPostprocessing = 0;
		};
		43925DE11947D49B009A54A8 /* Frameworks */ = {
			isa = PBXFrameworksBuildPhase;
			buildActionMask = 2147483647;
			files = (
				43925DE61947D49B009A54A8 /* XCTest.framework in Frameworks */,
				43925DE81947D49C009A54A8 /* UIKit.framework in Frameworks */,
				43925DE71947D49B009A54A8 /* Foundation.framework in Frameworks */,
			);
			runOnlyForDeploymentPostprocessing = 0;
		};
/* End PBXFrameworksBuildPhase section */

/* Begin PBXGroup section */
		431C1EB4194CE05B008A9186 /* Library */ = {
			isa = PBXGroup;
			children = (
				431C1EB5194CE09D008A9186 /* SinteliCripto.xcodeproj */,
			);
			name = Library;
			sourceTree = "<group>";
		};
		431C1EB6194CE09D008A9186 /* Products */ = {
			isa = PBXGroup;
			children = (
				431C1EBB194CE09D008A9186 /* libSinteliCripto.a */,
				431C1EBD194CE09D008A9186 /* SinteliCriptoTests.xctest */,
			);
			name = Products;
			sourceTree = "<group>";
		};
		43925DBA1947D499009A54A8 = {
			isa = PBXGroup;
			children = (
				431C1EB4194CE05B008A9186 /* Library */,
				43925DCC1947D49B009A54A8 /* Sinteli */,
				43925DEB1947D49C009A54A8 /* SinteliTests */,
				43925DC51947D499009A54A8 /* Frameworks */,
				43925DC41947D499009A54A8 /* Products */,
			);
			sourceTree = "<group>";
		};
		43925DC41947D499009A54A8 /* Products */ = {
			isa = PBXGroup;
			children = (
				43925DC31947D499009A54A8 /* Sinteli.app */,
				43925DE41947D49B009A54A8 /* SinteliTests.xctest */,
			);
			name = Products;
			sourceTree = "<group>";
		};
		43925DC51947D499009A54A8 /* Frameworks */ = {
			isa = PBXGroup;
			children = (
				43925DC61947D499009A54A8 /* Foundation.framework */,
				43925DC81947D499009A54A8 /* CoreGraphics.framework */,
				43925DCA1947D499009A54A8 /* UIKit.framework */,
				43925DE51947D49B009A54A8 /* XCTest.framework */,
			);
			name = Frameworks;
			sourceTree = "<group>";
		};
		43925DCC1947D49B009A54A8 /* Sinteli */ = {
			isa = PBXGroup;
			children = (
				43925DD51947D49B009A54A8 /* AppDelegate.h */,
				43925DD61947D49B009A54A8 /* AppDelegate.m */,
				43925DD81947D49B009A54A8 /* Main.storyboard */,
				43925DDB1947D49B009A54A8 /* ViewController.h */,
				43925DDC1947D49B009A54A8 /* ViewController.m */,
				43925DDE1947D49B009A54A8 /* Images.xcassets */,
				43925DCD1947D49B009A54A8 /* Supporting Files */,
			);
			path = Sinteli;
			sourceTree = "<group>";
		};
		43925DCD1947D49B009A54A8 /* Supporting Files */ = {
			isa = PBXGroup;
			children = (
				43925DCE1947D49B009A54A8 /* Sinteli-Info.plist */,
				43925DCF1947D49B009A54A8 /* InfoPlist.strings */,
				43925DD21947D49B009A54A8 /* main.m */,
				43925DD41947D49B009A54A8 /* Sinteli-Prefix.pch */,
			);
			name = "Supporting Files";
			sourceTree = "<group>";
		};
		43925DEB1947D49C009A54A8 /* SinteliTests */ = {
			isa = PBXGroup;
			children = (
				43925DF11947D49C009A54A8 /* SinteliTests.m */,
				43925DEC1947D49C009A54A8 /* Supporting Files */,
			);
			path = SinteliTests;
			sourceTree = "<group>";
		};
		43925DEC1947D49C009A54A8 /* Supporting Files */ = {
			isa = PBXGroup;
			children = (
				43925DED1947D49C009A54A8 /* SinteliTests-Info.plist */,
				43925DEE1947D49C009A54A8 /* InfoPlist.strings */,
			);
			name = "Supporting Files";
			sourceTree = "<group>";
		};
/* End PBXGroup section */

/* Begin PBXNativeTarget section */
		43925DC21947D499009A54A8 /* Sinteli */ = {
			isa = PBXNativeTarget;
			buildConfigurationList = 43925DF51947D49C009A54A8 /* Build configuration list for PBXNativeTarget "Sinteli" */;
			buildPhases = (
				43925DBF1947D499009A54A8 /* Sources */,
				43925DC01947D499009A54A8 /* Frameworks */,
				43925DC11947D499009A54A8 /* Resources */,
			);
			buildRules = (
			);
			dependencies = (
				431C1EBF194CE2B8008A9186 /* PBXTargetDependency */,
			);
			name = Sinteli;
			productName = Sinteli;
			productReference = 43925DC31947D499009A54A8 /* Sinteli.app */;
			productType = "com.apple.product-type.application";
		};
		43925DE31947D49B009A54A8 /* SinteliTests */ = {
			isa = PBXNativeTarget;
			buildConfigurationList = 43925DF81947D49C009A54A8 /* Build configuration list for PBXNativeTarget "SinteliTests" */;
			buildPhases = (
				43925DE01947D49B009A54A8 /* Sources */,
				43925DE11947D49B009A54A8 /* Frameworks */,
				43925DE21947D49B009A54A8 /* Resources */,
			);
			buildRules = (
			);
			dependencies = (
				43925DEA1947D49C009A54A8 /* PBXTargetDependency */,
			);
			name = SinteliTests;
			productName = SinteliTests;
			productReference = 43925DE41947D49B009A54A8 /* SinteliTests.xctest */;
			productType = "com.apple.product-type.bundle.unit-test";
		};
/* End PBXNativeTarget section */

/* Begin PBXProject section */
		43925DBB1947D499009A54A8 /* Project object */ = {
			isa = PBXProject;
			attributes = {
				LastUpgradeCheck = 0510;
				ORGANIZATIONNAME = "Sinteli Sistemas Inteligentes";
				TargetAttributes = {
					43925DC21947D499009A54A8 = {
						DevelopmentTeam = LMX98M2DF3;
					};
					43925DE31947D49B009A54A8 = {
						TestTargetID = 43925DC21947D499009A54A8;
					};
				};
			};
			buildConfigurationList = 43925DBE1947D499009A54A8 /* Build configuration list for PBXProject "Sinteli" */;
			compatibilityVersion = "Xcode 3.2";
			developmentRegion = English;
			hasScannedForEncodings = 0;
			knownRegions = (
				en,
				Base,
				"pt-BR",
			);
			mainGroup = 43925DBA1947D499009A54A8;
			productRefGroup = 43925DC41947D499009A54A8 /* Products */;
			projectDirPath = "";
			projectReferences = (
				{
					ProductGroup = 431C1EB6194CE09D008A9186 /* Products */;
					ProjectRef = 431C1EB5194CE09D008A9186 /* SinteliCripto.xcodeproj */;
				},
			);
			projectRoot = "";
			targets = (
				43925DC21947D499009A54A8 /* Sinteli */,
				43925DE31947D49B009A54A8 /* SinteliTests */,
			);
		};
/* End PBXProject section */

/* Begin PBXReferenceProxy section */
		431C1EBB194CE09D008A9186 /* libSinteliCripto.a */ = {
			isa = PBXReferenceProxy;
			fileType = archive.ar;
			path = libSinteliCripto.a;
			remoteRef = 431C1EBA194CE09D008A9186 /* PBXContainerItemProxy */;
			sourceTree = BUILT_PRODUCTS_DIR;
		};
		431C1EBD194CE09D008A9186 /* SinteliCriptoTests.xctest */ = {
			isa = PBXReferenceProxy;
			fileType = wrapper.cfbundle;
			path = SinteliCriptoTests.xctest;
			remoteRef = 431C1EBC194CE09D008A9186 /* PBXContainerItemProxy */;
			sourceTree = BUILT_PRODUCTS_DIR;
		};
/* End PBXReferenceProxy section */

/* Begin PBXResourcesBuildPhase section */
		43925DC11947D499009A54A8 /* Resources */ = {
			isa = PBXResourcesBuildPhase;
			buildActionMask = 2147483647;
			files = (
				43925DDF1947D49B009A54A8 /* Images.xcassets in Resources */,
				43925DD11947D49B009A54A8 /* InfoPlist.strings in Resources */,
				43925DDA1947D49B009A54A8 /* Main.storyboard in Resources */,
			);
			runOnlyForDeploymentPostprocessing = 0;
		};
		43925DE21947D49B009A54A8 /* Resources */ = {
			isa = PBXResourcesBuildPhase;
			buildActionMask = 2147483647;
			files = (
				43925DF01947D49C009A54A8 /* InfoPlist.strings in Resources */,
			);
			runOnlyForDeploymentPostprocessing = 0;
		};
/* End PBXResourcesBuildPhase section */

/* Begin PBXSourcesBuildPhase section */
		43925DBF1947D499009A54A8 /* Sources */ = {
			isa = PBXSourcesBuildPhase;
			buildActionMask = 2147483647;
			files = (
				43925DDD1947D49B009A54A8 /* ViewController.m in Sources */,
				43925DD71947D49B009A54A8 /* AppDelegate.m in Sources */,
				43925DD31947D49B009A54A8 /* main.m in Sources */,
			);
			runOnlyForDeploymentPostprocessing = 0;
		};
		43925DE01947D49B009A54A8 /* Sources */ = {
			isa = PBXSourcesBuildPhase;
			buildActionMask = 2147483647;
			files = (
				43925DF21947D49C009A54A8 /* SinteliTests.m in Sources */,
			);
			runOnlyForDeploymentPostprocessing = 0;
		};
/* End PBXSourcesBuildPhase section */

/* Begin PBXTargetDependency section */
		431C1EBF194CE2B8008A9186 /* PBXTargetDependency */ = {
			isa = PBXTargetDependency;
			name = SinteliCripto;
			targetProxy = 431C1EBE194CE2B8008A9186 /* PBXContainerItemProxy */;
		};
		43925DEA1947D49C009A54A8 /* PBXTargetDependency */ = {
			isa = PBXTargetDependency;
			target = 43925DC21947D499009A54A8 /* Sinteli */;
			targetProxy = 43925DE91947D49C009A54A8 /* PBXContainerItemProxy */;
		};
/* End PBXTargetDependency section */

/* Begin PBXVariantGroup section */
		43925DCF1947D49B009A54A8 /* InfoPlist.strings */ = {
			isa = PBXVariantGroup;
			children = (
				43925DD01947D49B009A54A8 /* en */,
				43F0B5AF194C233F007329F9 /* pt-BR */,
			);
			name = InfoPlist.strings;
			sourceTree = "<group>";
		};
		43925DD81947D49B009A54A8 /* Main.storyboard */ = {
			isa = PBXVariantGroup;
			children = (
				43925DD91947D49B009A54A8 /* Base */,
				43F0B5AE194C233F007329F9 /* pt-BR */,
			);
			name = Main.storyboard;
			sourceTree = "<group>";
		};
		43925DEE1947D49C009A54A8 /* InfoPlist.strings */ = {
			isa = PBXVariantGroup;
			children = (
				43925DEF1947D49C009A54A8 /* en */,
				43F0B5B0194C233F007329F9 /* pt-BR */,
			);
			name = InfoPlist.strings;
			sourceTree = "<group>";
		};
/* End PBXVariantGroup section */

/* Begin XCBuildConfiguration section */
		43925DF31947D49C009A54A8 /* Debug */ = {
			isa = XCBuildConfiguration;
			buildSettings = {
				ALWAYS_SEARCH_USER_PATHS = YES;
				CLANG_CXX_LANGUAGE_STANDARD = "gnu++0x";
				CLANG_CXX_LIBRARY = "libc++";
				CLANG_ENABLE_MODULES = YES;
				CLANG_ENABLE_OBJC_ARC = YES;
				CLANG_WARN_BOOL_CONVERSION = YES;
				CLANG_WARN_CONSTANT_CONVERSION = YES;
				CLANG_WARN_DIRECT_OBJC_ISA_USAGE = YES_ERROR;
				CLANG_WARN_EMPTY_BODY = YES;
				CLANG_WARN_ENUM_CONVERSION = YES;
				CLANG_WARN_INT_CONVERSION = YES;
				CLANG_WARN_OBJC_ROOT_CLASS = YES_ERROR;
				CLANG_WARN__DUPLICATE_METHOD_MATCH = YES;
				"CODE_SIGN_IDENTITY[sdk=iphoneos*]" = "iPhone Developer";
				COPY_PHASE_STRIP = NO;
				GCC_C_LANGUAGE_STANDARD = gnu99;
				GCC_DYNAMIC_NO_PIC = NO;
				GCC_OPTIMIZATION_LEVEL = 0;
				GCC_PREPROCESSOR_DEFINITIONS = (
					"DEBUG=1",
					"$(inherited)",
				);
				GCC_SYMBOLS_PRIVATE_EXTERN = NO;
				GCC_WARN_64_TO_32_BIT_CONVERSION = YES;
				GCC_WARN_ABOUT_RETURN_TYPE = YES_ERROR;
				GCC_WARN_UNDECLARED_SELECTOR = YES;
				GCC_WARN_UNINITIALIZED_AUTOS = YES_AGGRESSIVE;
				GCC_WARN_UNUSED_FUNCTION = YES;
				GCC_WARN_UNUSED_VARIABLE = YES;
				HEADER_SEARCH_PATHS = (
					"$(inherited)",
					/Applications/Xcode.app/Contents/Developer/Toolchains/XcodeDefault.xctoolchain/usr/include,
					"/Users/orlandoburli/Documents/Projetos/sinteli/sinteli-iphone/SinteliCripto/**",
				);
				IPHONEOS_DEPLOYMENT_TARGET = 6.0;
				ONLY_ACTIVE_ARCH = YES;
				SDKROOT = iphoneos;
			};
			name = Debug;
		};
		43925DF41947D49C009A54A8 /* Release */ = {
			isa = XCBuildConfiguration;
			buildSettings = {
				ALWAYS_SEARCH_USER_PATHS = YES;
				CLANG_CXX_LANGUAGE_STANDARD = "gnu++0x";
				CLANG_CXX_LIBRARY = "libc++";
				CLANG_ENABLE_MODULES = YES;
				CLANG_ENABLE_OBJC_ARC = YES;
				CLANG_WARN_BOOL_CONVERSION = YES;
				CLANG_WARN_CONSTANT_CONVERSION = YES;
				CLANG_WARN_DIRECT_OBJC_ISA_USAGE = YES_ERROR;
				CLANG_WARN_EMPTY_BODY = YES;
				CLANG_WARN_ENUM_CONVERSION = YES;
				CLANG_WARN_INT_CONVERSION = YES;
				CLANG_WARN_OBJC_ROOT_CLASS = YES_ERROR;
				CLANG_WARN__DUPLICATE_METHOD_MATCH = YES;
				"CODE_SIGN_IDENTITY[sdk=iphoneos*]" = "iPhone Developer";
				COPY_PHASE_STRIP = YES;
				ENABLE_NS_ASSERTIONS = NO;
				GCC_C_LANGUAGE_STANDARD = gnu99;
				GCC_WARN_64_TO_32_BIT_CONVERSION = YES;
				GCC_WARN_ABOUT_RETURN_TYPE = YES_ERROR;
				GCC_WARN_UNDECLARED_SELECTOR = YES;
				GCC_WARN_UNINITIALIZED_AUTOS = YES_AGGRESSIVE;
				GCC_WARN_UNUSED_FUNCTION = YES;
				GCC_WARN_UNUSED_VARIABLE = YES;
				HEADER_SEARCH_PATHS = (
					"$(inherited)",
					/Applications/Xcode.app/Contents/Developer/Toolchains/XcodeDefault.xctoolchain/usr/include,
					"/Users/orlandoburli/Documents/Projetos/sinteli/sinteli-iphone/SinteliCripto/**",
				);
				IPHONEOS_DEPLOYMENT_TARGET = 6.0;
				SDKROOT = iphoneos;
				VALIDATE_PRODUCT = YES;
			};
			name = Release;
		};
		43925DF61947D49C009A54A8 /* Debug */ = {
			isa = XCBuildConfiguration;
			buildSettings = {
				ASSETCATALOG_COMPILER_APPICON_NAME = AppIcon;
				ASSETCATALOG_COMPILER_LAUNCHIMAGE_NAME = LaunchImage;
				CODE_SIGN_IDENTITY = "iPhone Developer";
				GCC_PRECOMPILE_PREFIX_HEADER = YES;
				GCC_PREFIX_HEADER = "Sinteli/Sinteli-Prefix.pch";
				HEADER_SEARCH_PATHS = (
					"$(inherited)",
					/Applications/Xcode.app/Contents/Developer/Toolchains/XcodeDefault.xctoolchain/usr/include,
					"include/**",
				);
				INFOPLIST_FILE = "Sinteli/Sinteli-Info.plist";
				IPHONEOS_DEPLOYMENT_TARGET = 6.0;
				LIBRARY_SEARCH_PATHS = (
					"$(inherited)",
					"$(PROJECT_DIR)/SinteliCripto/build/Debug-iphoneos",
					"$(USER_LIBRARY_DIR)/Developer/Xcode/DerivedData/SinteliCripto-dfaegldyahxmbidxglvkmkqtrhkc/Build/Products/Debug-iphoneos",
					"include/**",
				);
				OTHER_LDFLAGS = (
					"-OjbC",
					"-all_load",
				);
				PRODUCT_NAME = "$(TARGET_NAME)";
				TARGETED_DEVICE_FAMILY = 1;
				WRAPPER_EXTENSION = app;
			};
			name = Debug;
		};
		43925DF71947D49C009A54A8 /* Release */ = {
			isa = XCBuildConfiguration;
			buildSettings = {
				ASSETCATALOG_COMPILER_APPICON_NAME = AppIcon;
				ASSETCATALOG_COMPILER_LAUNCHIMAGE_NAME = LaunchImage;
				CODE_SIGN_IDENTITY = "iPhone Developer";
				GCC_PRECOMPILE_PREFIX_HEADER = YES;
				GCC_PREFIX_HEADER = "Sinteli/Sinteli-Prefix.pch";
				HEADER_SEARCH_PATHS = (
					"$(inherited)",
					/Applications/Xcode.app/Contents/Developer/Toolchains/XcodeDefault.xctoolchain/usr/include,
					"include/**",
				);
				INFOPLIST_FILE = "Sinteli/Sinteli-Info.plist";
				IPHONEOS_DEPLOYMENT_TARGET = 6.0;
				LIBRARY_SEARCH_PATHS = (
					"$(inherited)",
					"$(PROJECT_DIR)/SinteliCripto/build/Debug-iphoneos",
					"$(USER_LIBRARY_DIR)/Developer/Xcode/DerivedData/SinteliCripto-dfaegldyahxmbidxglvkmkqtrhkc/Build/Products/Debug-iphoneos",
					"include/**",
				);
				OTHER_LDFLAGS = (
					"-OjbC",
					"-all_load",
				);
				PRODUCT_NAME = "$(TARGET_NAME)";
				TARGETED_DEVICE_FAMILY = 1;
				WRAPPER_EXTENSION = app;
			};
			name = Release;
		};
		43925DF91947D49C009A54A8 /* Debug */ = {
			isa = XCBuildConfiguration;
			buildSettings = {
				BUNDLE_LOADER = "$(BUILT_PRODUCTS_DIR)/Sinteli.app/Sinteli";
				FRAMEWORK_SEARCH_PATHS = (
					"$(SDKROOT)/Developer/Library/Frameworks",
					"$(inherited)",
					"$(DEVELOPER_FRAMEWORKS_DIR)",
				);
				GCC_PRECOMPILE_PREFIX_HEADER = YES;
				GCC_PREFIX_HEADER = "Sinteli/Sinteli-Prefix.pch";
				GCC_PREPROCESSOR_DEFINITIONS = (
					"DEBUG=1",
					"$(inherited)",
				);
				INFOPLIST_FILE = "SinteliTests/SinteliTests-Info.plist";
				PRODUCT_NAME = "$(TARGET_NAME)";
				TEST_HOST = "$(BUNDLE_LOADER)";
				WRAPPER_EXTENSION = xctest;
			};
			name = Debug;
		};
		43925DFA1947D49C009A54A8 /* Release */ = {
			isa = XCBuildConfiguration;
			buildSettings = {
				BUNDLE_LOADER = "$(BUILT_PRODUCTS_DIR)/Sinteli.app/Sinteli";
				FRAMEWORK_SEARCH_PATHS = (
					"$(SDKROOT)/Developer/Library/Frameworks",
					"$(inherited)",
					"$(DEVELOPER_FRAMEWORKS_DIR)",
				);
				GCC_PRECOMPILE_PREFIX_HEADER = YES;
				GCC_PREFIX_HEADER = "Sinteli/Sinteli-Prefix.pch";
				INFOPLIST_FILE = "SinteliTests/SinteliTests-Info.plist";
				PRODUCT_NAME = "$(TARGET_NAME)";
				TEST_HOST = "$(BUNDLE_LOADER)";
				WRAPPER_EXTENSION = xctest;
			};
			name = Release;
		};
/* End XCBuildConfiguration section */

/* Begin XCConfigurationList section */
		43925DBE1947D499009A54A8 /* Build configuration list for PBXProject "Sinteli" */ = {
			isa = XCConfigurationList;
			buildConfigurations = (
				43925DF31947D49C009A54A8 /* Debug */,
				43925DF41947D49C009A54A8 /* Release */,
			);
			defaultConfigurationIsVisible = 0;
			defaultConfigurationName = Release;
		};
		43925DF51947D49C009A54A8 /* Build configuration list for PBXNativeTarget "Sinteli" */ = {
			isa = XCConfigurationList;
			buildConfigurations = (
				43925DF61947D49C009A54A8 /* Debug */,
				43925DF71947D49C009A54A8 /* Release */,
			);
			defaultConfigurationIsVisible = 0;
			defaultConfigurationName = Release;
		};
		43925DF81947D49C009A54A8 /* Build configuration list for PBXNativeTarget "SinteliTests" */ = {
			isa = XCConfigurationList;
			buildConfigurations = (
				43925DF91947D49C009A54A8 /* Debug */,
				43925DFA1947D49C009A54A8 /* Release */,
			);
			defaultConfigurationIsVisible = 0;
			defaultConfigurationName = Release;
		};
/* End XCConfigurationList section */
	};
	rootObject = 43925DBB1947D499009A54A8 /* Project object */;
}
